{
  "name": "commonform-agreement-starter",
  "version": "1.0.0",
  "lockfileVersion": 1,
  "requires": true,
  "dependencies": {
    "agreement-schedules-exhibits-numbering": {
      "version": "1.0.0",
      "resolved": "https://registry.npmjs.org/agreement-schedules-exhibits-numbering/-/agreement-schedules-exhibits-numbering-1.0.0.tgz",
      "integrity": "sha1-B0UGvobtoy/9VUI89lvvqmAP/J0=",
      "requires": {
        "outline-numbering": "1.0.2"
      }
    },
    "align-text": {
      "version": "0.1.4",
      "resolved": "https://registry.npmjs.org/align-text/-/align-text-0.1.4.tgz",
      "integrity": "sha1-DNkKVhCT810KmSVsIrcGlDP60Rc=",
      "requires": {
        "kind-of": "3.2.2",
        "longest": "1.0.1",
        "repeat-string": "1.6.1"
      }
    },
    "alphabet-numbering": {
      "version": "1.0.1",
      "resolved": "https://registry.npmjs.org/alphabet-numbering/-/alphabet-numbering-1.0.1.tgz",
      "integrity": "sha1-ztNxNAEXEkaCC0EtTMwaiiQDFaw="
    },
    "amdefine": {
      "version": "1.0.1",
      "resolved": "https://registry.npmjs.org/amdefine/-/amdefine-1.0.1.tgz",
      "integrity": "sha1-SlKCrBZHKek2Gbz9OtFR+BfOkfU="
    },
    "american-legal-archaisms": {
      "version": "1.0.17",
      "resolved": "https://registry.npmjs.org/american-legal-archaisms/-/american-legal-archaisms-1.0.17.tgz",
      "integrity": "sha1-/HwahXeX6cKfunpQs950LO8T20E="
    },
    "ansi-regex": {
      "version": "2.1.1",
      "resolved": "https://registry.npmjs.org/ansi-regex/-/ansi-regex-2.1.1.tgz",
      "integrity": "sha1-w7M6te42DYbg5ijwRorn7yfWVN8="
    },
    "ansi-styles": {
      "version": "2.2.1",
      "resolved": "https://registry.npmjs.org/ansi-styles/-/ansi-styles-2.2.1.tgz",
      "integrity": "sha1-tDLdM1i2NM914eRmQ2gkBTPB3b4="
    },
    "array-find": {
      "version": "1.0.0",
      "resolved": "https://registry.npmjs.org/array-find/-/array-find-1.0.0.tgz",
      "integrity": "sha1-bI4obRHtdoMn+OYuzuhzU8o+eLg="
    },
    "async": {
      "version": "1.5.2",
      "resolved": "https://registry.npmjs.org/async/-/async-1.5.2.tgz",
      "integrity": "sha1-7GphrlZIDAw8skHJVhjiCJL5Zyo="
    },
    "camelcase": {
      "version": "1.2.1",
      "resolved": "https://registry.npmjs.org/camelcase/-/camelcase-1.2.1.tgz",
      "integrity": "sha1-m7UwTS4LVmmLLHWLCKPqqdqlijk=",
      "optional": true
    },
    "capitalize": {
      "version": "1.0.0",
      "resolved": "https://registry.npmjs.org/capitalize/-/capitalize-1.0.0.tgz",
      "integrity": "sha1-3IAsWAruEBkpAg0soUtMqKCuRL4="
    },
    "center-align": {
      "version": "0.1.3",
      "resolved": "https://registry.npmjs.org/center-align/-/center-align-0.1.3.tgz",
      "integrity": "sha1-qg0yYptu6XIgBBHL1EYckHvCt60=",
      "optional": true,
      "requires": {
        "align-text": "0.1.4",
        "lazy-cache": "1.0.4"
      }
    },
    "chalk": {
      "version": "1.1.3",
      "resolved": "https://registry.npmjs.org/chalk/-/chalk-1.1.3.tgz",
      "integrity": "sha1-qBFcVeSnAv5NFQq9OHKCKn4J/Jg=",
      "requires": {
        "ansi-styles": "2.2.1",
        "escape-string-regexp": "1.0.5",
        "has-ansi": "2.0.0",
        "strip-ansi": "3.0.1",
        "supports-color": "2.0.0"
      }
    },
    "cliui": {
      "version": "2.1.0",
      "resolved": "https://registry.npmjs.org/cliui/-/cliui-2.1.0.tgz",
      "integrity": "sha1-S0dXYP+AJkx2LDoXGQMukcf+oNE=",
      "optional": true,
      "requires": {
        "center-align": "0.1.3",
        "right-align": "0.1.3",
        "wordwrap": "0.0.2"
      },
      "dependencies": {
        "wordwrap": {
          "version": "0.0.2",
          "resolved": "https://registry.npmjs.org/wordwrap/-/wordwrap-0.0.2.tgz",
          "integrity": "sha1-t5Zpu0LstAn4PVg8rVLKF+qhZD8=",
          "optional": true
        }
      }
    },
    "clone": {
      "version": "1.0.2",
      "resolved": "https://registry.npmjs.org/clone/-/clone-1.0.2.tgz",
      "integrity": "sha1-Jgt6meux7f4kdTgXX3gyQ8sZ0Uk="
    },
    "commonform-analyze": {
      "version": "0.4.4",
      "resolved": "https://registry.npmjs.org/commonform-analyze/-/commonform-analyze-0.4.4.tgz",
      "integrity": "sha1-BhvMsFVoh4h97EAEtnvj8rttb+k=",
      "requires": {
        "array-find": "1.0.0",
        "commonform-predicate": "0.4.4"
      }
    },
    "commonform-archaic": {
      "version": "1.2.2",
      "resolved": "https://registry.npmjs.org/commonform-archaic/-/commonform-archaic-1.2.2.tgz",
      "integrity": "sha1-/RJUK4VYldqn4N7/igriUqEIBtU=",
      "requires": {
        "american-legal-archaisms": "1.0.17",
        "commonform-phrase-annotator": "1.0.2"
      }
    },
    "commonform-cli": {
      "version": "0.23.0",
      "resolved": "https://registry.npmjs.org/commonform-cli/-/commonform-cli-0.23.0.tgz",
      "integrity": "sha1-v3fbyG/V95yU6wlg+Qw2qkLH9mE=",
      "requires": {
        "agreement-schedules-exhibits-numbering": "1.0.0",
        "array-find": "1.0.0",
        "commonform-analyze": "0.4.4",
        "commonform-critique": "0.8.1",
        "commonform-docx": "0.13.0",
        "commonform-html": "1.2.1",
        "commonform-latex": "0.3.2",
        "commonform-lint": "0.6.3",
        "commonform-markdown": "0.4.3",
        "commonform-markup-parse": "0.4.2",
        "commonform-markup-stringify": "0.1.1",
        "commonform-normalize": "0.5.3",
        "commonform-publish": "1.0.4",
        "commonform-serialize": "0.4.6",
        "commonform-share": "1.0.2",
        "commonform-terminal": "0.9.2",
        "concat-stream": "1.6.0",
        "decimal-numbering": "2.0.1",
        "docopt": "0.6.2",
        "english-list": "1.0.0-prerelease-1",
        "ooxml-signature-pages": "0.7.0",
        "opener": "1.4.3",
        "outline-numbering": "1.0.2",
        "plan-addenda-exhibits-numbering": "2.0.0",
        "resolutions-schedules-exhibits-numbering": "0.1.0"
      }
    },
    "commonform-critique": {
      "version": "0.8.1",
      "resolved": "https://registry.npmjs.org/commonform-critique/-/commonform-critique-0.8.1.tgz",
      "integrity": "sha1-T6I5oNhQrctYYbItBcF7/rcyjRk=",
      "requires": {
        "commonform-archaic": "1.2.2",
        "commonform-mscd": "0.1.3",
        "commonform-predicate": "0.4.4",
        "doubleplus-numbers": "0.2.1",
        "wordy-words": "0.0.11"
      }
    },
    "commonform-docx": {
      "version": "0.13.0",
      "resolved": "https://registry.npmjs.org/commonform-docx/-/commonform-docx-0.13.0.tgz",
      "integrity": "sha1-6PQ6HN0vVzgI6sd1wtKJRt4FtGs=",
      "requires": {
        "commonform-flatten": "0.8.1",
        "jszip": "2.6.1",
        "merge": "1.2.0"
      }
    },
    "commonform-fix-strings": {
      "version": "0.2.5",
      "resolved": "https://registry.npmjs.org/commonform-fix-strings/-/commonform-fix-strings-0.2.5.tgz",
      "integrity": "sha1-1pgi2sN5dmlMnKITs/IRE/hk2E4=",
      "requires": {
        "commonform-predicate": "0.4.4"
      }
    },
    "commonform-flatten": {
      "version": "0.8.1",
      "resolved": "https://registry.npmjs.org/commonform-flatten/-/commonform-flatten-0.8.1.tgz",
      "integrity": "sha1-D39S4TsqIRcIHYR2YYzM4vp4tIA=",
      "requires": {
        "commonform-resolve": "0.8.0"
      }
    },
    "commonform-group-series": {
      "version": "0.4.0",
      "resolved": "https://registry.npmjs.org/commonform-group-series/-/commonform-group-series-0.4.0.tgz",
      "integrity": "sha1-l72EuWzN4s/LDcKGe5/BZXV1EeE=",
      "requires": {
        "clone": "1.0.2",
        "commonform-predicate": "0.4.4"
      }
    },
    "commonform-hash": {
      "version": "0.4.3",
      "resolved": "https://registry.npmjs.org/commonform-hash/-/commonform-hash-0.4.3.tgz",
      "integrity": "sha1-r+4Tz/Dzt6jMgmspimTiaJgMu1w=",
      "requires": {
        "commonform-serialize": "0.4.6",
        "sha.js": "2.4.8"
      }
    },
    "commonform-html": {
      "version": "1.2.1",
      "resolved": "https://registry.npmjs.org/commonform-html/-/commonform-html-1.2.1.tgz",
      "integrity": "sha512-ZeAgTySjUPAJHJLOaI9AbkkljZlZy5x91tizypohMWqR/uMe+1Fd/+7omNCbMFaDkGhsSL2E/a/56ICPWCaFfA==",
      "requires": {
        "commonform-group-series": "0.5.2",
        "commonform-hash": "0.4.3",
        "commonform-predicate": "1.0.0",
        "escape-html": "1.0.3"
      },
      "dependencies": {
        "commonform-group-series": {
          "version": "0.5.2",
          "resolved": "https://registry.npmjs.org/commonform-group-series/-/commonform-group-series-0.5.2.tgz",
          "integrity": "sha1-a7Waf7MwI+VWkn3uYdfzBFdnRQc=",
          "requires": {
            "commonform-predicate": "0.4.4"
          },
          "dependencies": {
            "commonform-predicate": {
              "version": "0.4.4",
              "resolved": "https://registry.npmjs.org/commonform-predicate/-/commonform-predicate-0.4.4.tgz",
              "integrity": "sha1-3UH9J90UEwFJm2ccyLfH5RwQF/c="
            }
          }
        },
        "commonform-predicate": {
          "version": "1.0.0",
          "resolved": "https://registry.npmjs.org/commonform-predicate/-/commonform-predicate-1.0.0.tgz",
          "integrity": "sha1-QNkCtEhL1jPOTly/LDTbLC+mS5c="
        }
      }
    },
    "commonform-latex": {
      "version": "0.3.2",
      "resolved": "https://registry.npmjs.org/commonform-latex/-/commonform-latex-0.3.2.tgz",
      "integrity": "sha1-DS/io1h1dt+/jlIkH4jQ6EBWUP8=",
      "requires": {
        "commonform-flatten": "0.8.1",
        "decimal-numbering": "1.0.1",
        "escape-latex": "0.1.5"
      },
      "dependencies": {
        "decimal-numbering": {
          "version": "1.0.1",
          "resolved": "https://registry.npmjs.org/decimal-numbering/-/decimal-numbering-1.0.1.tgz",
          "integrity": "sha1-MtaDOyvCN/FH8o/b466ba77OjBo=",
          "requires": {
            "lower-alpha": "1.0.0"
          }
        },
        "lower-alpha": {
          "version": "1.0.0",
          "resolved": "https://registry.npmjs.org/lower-alpha/-/lower-alpha-1.0.0.tgz",
          "integrity": "sha1-VvHor835WMxcjXLdncfyYwBXWBk="
        }
      }
    },
    "commonform-lint": {
      "version": "0.6.3",
      "resolved": "https://registry.npmjs.org/commonform-lint/-/commonform-lint-0.6.3.tgz",
      "integrity": "sha1-pDsPjUBkZUC+VpQSxEUXnUgcG2E=",
      "requires": {
        "commonform-analyze": "0.4.4"
      }
    },
    "commonform-markdown": {
      "version": "0.4.3",
      "resolved": "https://registry.npmjs.org/commonform-markdown/-/commonform-markdown-0.4.3.tgz",
      "integrity": "sha1-XHInH5nfIkSaNdka+yAq7sztR/o=",
      "requires": {
        "commonform-flatten": "0.8.1",
        "commonform-group-series": "0.5.2",
        "commonform-resolve": "1.0.0",
        "decimal-numbering": "1.2.0",
        "markdown-escape": "1.0.2"
      },
      "dependencies": {
        "commonform-group-series": {
          "version": "0.5.2",
          "resolved": "https://registry.npmjs.org/commonform-group-series/-/commonform-group-series-0.5.2.tgz",
          "integrity": "sha1-a7Waf7MwI+VWkn3uYdfzBFdnRQc=",
          "requires": {
            "commonform-predicate": "0.4.4"
          }
        },
        "commonform-resolve": {
          "version": "1.0.0",
          "resolved": "https://registry.npmjs.org/commonform-resolve/-/commonform-resolve-1.0.0.tgz",
          "integrity": "sha1-PlrFllF0d+cWI5g9J16jBVHUrK4=",
          "requires": {
            "commonform-number": "0.4.3",
            "commonform-predicate": "0.4.4",
            "deep-equal": "1.0.1"
          }
        },
        "decimal-numbering": {
          "version": "1.2.0",
          "resolved": "https://registry.npmjs.org/decimal-numbering/-/decimal-numbering-1.2.0.tgz",
          "integrity": "sha1-FeyYLH1CgvhFnCKVS5948kjh/zM=",
          "requires": {
            "lower-alpha": "1.0.0"
          }
        },
        "lower-alpha": {
          "version": "1.0.0",
          "resolved": "https://registry.npmjs.org/lower-alpha/-/lower-alpha-1.0.0.tgz",
          "integrity": "sha1-VvHor835WMxcjXLdncfyYwBXWBk="
        }
      }
    },
    "commonform-markup-parse": {
      "version": "0.4.2",
      "resolved": "https://registry.npmjs.org/commonform-markup-parse/-/commonform-markup-parse-0.4.2.tgz",
      "integrity": "sha512-qR2X8VNkNqRrMJZJO3jW8sNdSJtyabFq5oPEwocPCm5sfQMcHHaTAK0WpFeKnJrb5DgkE4Qb70tr1xCThIsNqg==",
      "requires": {
        "commonform-fix-strings": "0.2.5",
        "string-repeat": "1.1.1"
      }
    },
    "commonform-markup-stringify": {
      "version": "0.1.1",
      "resolved": "https://registry.npmjs.org/commonform-markup-stringify/-/commonform-markup-stringify-0.1.1.tgz",
      "integrity": "sha1-u6a3Jn8Kg7lgciDTGJHQEyWTa58="
    },
    "commonform-mscd": {
      "version": "0.1.3",
      "resolved": "https://registry.npmjs.org/commonform-mscd/-/commonform-mscd-0.1.3.tgz",
      "integrity": "sha1-Rk5ii3wYgDxrDtnpLjaVy8m0ndI=",
      "requires": {
        "commonform-regexp-annotator": "1.1.1",
        "escape-regexp": "0.0.1",
        "mscd": "0.1.6"
      }
    },
    "commonform-normalize": {
      "version": "0.5.3",
      "resolved": "https://registry.npmjs.org/commonform-normalize/-/commonform-normalize-0.5.3.tgz",
      "integrity": "sha1-n9tBkhw81QGHznhcf8bEa8nA9lo=",
      "requires": {
        "commonform-hash": "0.4.3",
        "commonform-predicate": "0.4.4"
      }
    },
    "commonform-number": {
      "version": "0.4.3",
      "resolved": "https://registry.npmjs.org/commonform-number/-/commonform-number-0.4.3.tgz",
      "integrity": "sha1-7bUwg0xcC8X+lz5fhTxEJzGqr60=",
      "requires": {
        "commonform-group-series": "0.4.0"
      }
    },
    "commonform-phrase-annotator": {
      "version": "1.0.2",
      "resolved": "https://registry.npmjs.org/commonform-phrase-annotator/-/commonform-phrase-annotator-1.0.2.tgz",
      "integrity": "sha1-7ssBcCtf1SZJpOG1pcn2iisjxgQ=",
      "requires": {
        "commonform-regexp-annotator": "1.1.1",
        "escape-regexp": "0.0.1"
      }
    },
    "commonform-predicate": {
      "version": "0.4.4",
      "resolved": "https://registry.npmjs.org/commonform-predicate/-/commonform-predicate-0.4.4.tgz",
      "integrity": "sha1-3UH9J90UEwFJm2ccyLfH5RwQF/c="
    },
    "commonform-publish": {
      "version": "1.0.4",
      "resolved": "https://registry.npmjs.org/commonform-publish/-/commonform-publish-1.0.4.tgz",
      "integrity": "sha1-3mBaiMoBegXxIRcDpStXFy8PuCs="
    },
    "commonform-regexp-annotator": {
      "version": "1.1.1",
      "resolved": "https://registry.npmjs.org/commonform-regexp-annotator/-/commonform-regexp-annotator-1.1.1.tgz",
      "integrity": "sha1-/VrJvYSUFIp1lzGlQTOhtJ5l570=",
      "requires": {
        "commonform-predicate": "0.4.4"
      }
    },
    "commonform-resolve": {
      "version": "0.8.0",
      "resolved": "https://registry.npmjs.org/commonform-resolve/-/commonform-resolve-0.8.0.tgz",
      "integrity": "sha1-PV0rHF2mih5LEDRF558FMOsk774=",
      "requires": {
        "commonform-number": "0.4.3",
        "commonform-predicate": "0.4.4",
        "deep-equal": "1.0.1"
      }
    },
    "commonform-serialize": {
      "version": "0.4.6",
      "resolved": "https://registry.npmjs.org/commonform-serialize/-/commonform-serialize-0.4.6.tgz",
      "integrity": "sha1-h65yCkJjTB81QspZuxVwnD+xw1c=",
      "requires": {
        "is-array": "1.0.1",
        "is-object": "1.0.1"
      }
    },
    "commonform-share": {
      "version": "1.0.2",
      "resolved": "https://registry.npmjs.org/commonform-share/-/commonform-share-1.0.2.tgz",
      "integrity": "sha1-E0zDfY1YGVYOiw0Nj/iqFsk8TV4="
    },
    "commonform-terminal": {
      "version": "0.9.2",
      "resolved": "https://registry.npmjs.org/commonform-terminal/-/commonform-terminal-0.9.2.tgz",
      "integrity": "sha1-BYQhZW0YXbTuLNaBdTXq2gBpZ5k=",
      "requires": {
        "chalk": "1.1.3",
        "commonform-flatten": "0.8.1",
        "decimal-numbering": "1.2.0"
      },
      "dependencies": {
        "decimal-numbering": {
          "version": "1.2.0",
          "resolved": "https://registry.npmjs.org/decimal-numbering/-/decimal-numbering-1.2.0.tgz",
          "integrity": "sha1-FeyYLH1CgvhFnCKVS5948kjh/zM=",
          "requires": {
            "lower-alpha": "1.0.0"
          }
        },
        "lower-alpha": {
          "version": "1.0.0",
          "resolved": "https://registry.npmjs.org/lower-alpha/-/lower-alpha-1.0.0.tgz",
          "integrity": "sha1-VvHor835WMxcjXLdncfyYwBXWBk="
        }
      }
    },
    "concat-stream": {
      "version": "1.6.0",
      "resolved": "https://registry.npmjs.org/concat-stream/-/concat-stream-1.6.0.tgz",
      "integrity": "sha1-CqxmL9Ur54lk1VMvaUeE5wEQrPc=",
      "requires": {
        "inherits": "2.0.3",
        "readable-stream": "2.3.3",
        "typedarray": "0.0.6"
      }
    },
    "core-util-is": {
      "version": "1.0.2",
      "resolved": "https://registry.npmjs.org/core-util-is/-/core-util-is-1.0.2.tgz",
      "integrity": "sha1-tf1UIgqivFq1eqtxQMlAdUUDwac="
    },
    "decamelize": {
      "version": "1.2.0",
      "resolved": "https://registry.npmjs.org/decamelize/-/decamelize-1.2.0.tgz",
      "integrity": "sha1-9lNNFRSCabIDUue+4m9QH5oZEpA=",
      "optional": true
    },
    "decimal-numbering": {
      "version": "2.0.1",
      "resolved": "https://registry.npmjs.org/decimal-numbering/-/decimal-numbering-2.0.1.tgz",
      "integrity": "sha1-YMGtfQDusbbwvENggGjzW/wbP44=",
      "requires": {
        "lower-alpha": "2.0.2"
      }
    },
    "deep-equal": {
      "version": "1.0.1",
      "resolved": "https://registry.npmjs.org/deep-equal/-/deep-equal-1.0.1.tgz",
      "integrity": "sha1-9dJgKStmDghO/0zbyfCK0yR0SLU="
    },
    "docopt": {
      "version": "0.6.2",
      "resolved": "https://registry.npmjs.org/docopt/-/docopt-0.6.2.tgz",
      "integrity": "sha1-so6eIiDaXsSffqW7JKR3h0Be6xE="
    },
    "doubleplus-numbers": {
      "version": "0.2.1",
      "resolved": "https://registry.npmjs.org/doubleplus-numbers/-/doubleplus-numbers-0.2.1.tgz",
      "integrity": "sha1-LeYWZx9iPHaPhNSFalg74lIgXos=",
      "requires": {
        "commonform-regexp-annotator": "1.1.1"
      }
    },
    "english-list": {
      "version": "1.0.0-prerelease-1",
      "resolved": "https://registry.npmjs.org/english-list/-/english-list-1.0.0-prerelease-1.tgz",
      "integrity": "sha1-ZRV7nY3KHX9F+GdT4R0Zf+5ruHE="
    },
    "escape-html": {
      "version": "1.0.3",
      "resolved": "https://registry.npmjs.org/escape-html/-/escape-html-1.0.3.tgz",
      "integrity": "sha1-Aljq5NPQwJdN4cFpGI7wBR0dGYg="
    },
    "escape-latex": {
      "version": "0.1.5",
      "resolved": "https://registry.npmjs.org/escape-latex/-/escape-latex-0.1.5.tgz",
      "integrity": "sha1-7lXbiw4NIN1KZZ/mYDDdc69h+wQ="
    },
    "escape-regexp": {
      "version": "0.0.1",
      "resolved": "https://registry.npmjs.org/escape-regexp/-/escape-regexp-0.0.1.tgz",
      "integrity": "sha1-9EvaEtRbvfnLf4Yu5+SCez3TIlQ="
    },
    "escape-string-regexp": {
      "version": "1.0.5",
      "resolved": "https://registry.npmjs.org/escape-string-regexp/-/escape-string-regexp-1.0.5.tgz",
      "integrity": "sha1-G2HAViGQqN/2rjuyzwIAyhMLhtQ="
    },
    "handlebars": {
      "version": "4.0.10",
      "resolved": "https://registry.npmjs.org/handlebars/-/handlebars-4.0.10.tgz",
      "integrity": "sha1-PTDHGLCaPZbyPqTMH0A8TTup/08=",
      "requires": {
        "async": "1.5.2",
        "optimist": "0.6.1",
        "source-map": "0.4.4",
        "uglify-js": "2.8.29"
      }
    },
    "has-ansi": {
      "version": "2.0.0",
      "resolved": "https://registry.npmjs.org/has-ansi/-/has-ansi-2.0.0.tgz",
      "integrity": "sha1-NPUEnOHs3ysGSa8+8k5F7TVBbZE=",
      "requires": {
        "ansi-regex": "2.1.1"
      }
    },
    "indefinite-article": {
      "version": "0.0.2",
      "resolved": "https://registry.npmjs.org/indefinite-article/-/indefinite-article-0.0.2.tgz",
      "integrity": "sha1-S8hVJXBmz6th6mi+unXRANbiUGs="
    },
    "inherits": {
      "version": "2.0.3",
      "resolved": "https://registry.npmjs.org/inherits/-/inherits-2.0.3.tgz",
      "integrity": "sha1-Yzwsg+PaQqUC9SRmAiSA9CCCYd4="
    },
    "is-array": {
      "version": "1.0.1",
      "resolved": "https://registry.npmjs.org/is-array/-/is-array-1.0.1.tgz",
      "integrity": "sha1-6YUMwsyGDDvAl36EzPDdRkWEJ5o="
    },
    "is-buffer": {
      "version": "1.1.5",
      "resolved": "https://registry.npmjs.org/is-buffer/-/is-buffer-1.1.5.tgz",
      "integrity": "sha1-Hzsm72E7IUuIy8ojzGwB2Hlh7sw="
    },
    "is-object": {
      "version": "1.0.1",
      "resolved": "https://registry.npmjs.org/is-object/-/is-object-1.0.1.tgz",
      "integrity": "sha1-iVJojF7C/9awPsyF52ngKQMINHA="
    },
    "isarray": {
      "version": "1.0.0",
      "resolved": "https://registry.npmjs.org/isarray/-/isarray-1.0.0.tgz",
      "integrity": "sha1-u5NdSFgsuhaMBoNJV6VKPgcSTxE="
    },
    "jszip": {
      "version": "2.6.1",
      "resolved": "https://registry.npmjs.org/jszip/-/jszip-2.6.1.tgz",
      "integrity": "sha1-uI86ey5noqBIFSmCx6N1bZxIKPA=",
      "requires": {
        "pako": "1.0.5"
      }
    },
    "kind-of": {
      "version": "3.2.2",
      "resolved": "https://registry.npmjs.org/kind-of/-/kind-of-3.2.2.tgz",
      "integrity": "sha1-MeohpzS6ubuw8yRm2JOupR5KPGQ=",
      "requires": {
        "is-buffer": "1.1.5"
      }
    },
    "lazy-cache": {
      "version": "1.0.4",
      "resolved": "https://registry.npmjs.org/lazy-cache/-/lazy-cache-1.0.4.tgz",
      "integrity": "sha1-odePw6UEdMuAhF07O24dpJpEbo4=",
      "optional": true
    },
    "longest": {
      "version": "1.0.1",
      "resolved": "https://registry.npmjs.org/longest/-/longest-1.0.1.tgz",
      "integrity": "sha1-MKCy2jj3N3DoKUoNIuZiXtd9AJc="
    },
    "lower-alpha": {
      "version": "2.0.2",
      "resolved": "https://registry.npmjs.org/lower-alpha/-/lower-alpha-2.0.2.tgz",
      "integrity": "sha1-ybIl+tVET7KKHy5/gmbMxyOlLek=",
      "requires": {
        "alphabet-numbering": "1.0.1"
      }
    },
    "markdown-escape": {
      "version": "1.0.2",
      "resolved": "https://registry.npmjs.org/markdown-escape/-/markdown-escape-1.0.2.tgz",
      "integrity": "sha1-cYSuJFVMSehLgv1WSP4qU9H5Gwg="
    },
    "merge": {
      "version": "1.2.0",
      "resolved": "https://registry.npmjs.org/merge/-/merge-1.2.0.tgz",
      "integrity": "sha1-dTHjnUlJwoGma4xabgJl6LBYlNo="
    },
    "minimist": {
      "version": "0.0.10",
      "resolved": "https://registry.npmjs.org/minimist/-/minimist-0.0.10.tgz",
      "integrity": "sha1-3j+YVD2/lggr5IrRoMfNqDYwHc8="
    },
    "mscd": {
      "version": "0.1.6",
      "resolved": "https://registry.npmjs.org/mscd/-/mscd-0.1.6.tgz",
      "integrity": "sha1-5cYM2gZ0xNVF4+Avd7R4UF+pupU="
    },
    "ooxml-signature-pages": {
      "version": "0.7.0",
      "resolved": "https://registry.npmjs.org/ooxml-signature-pages/-/ooxml-signature-pages-0.7.0.tgz",
      "integrity": "sha1-p7qgRvaQyKH8Q6gRleVzM2/FQrs=",
      "requires": {
        "capitalize": "1.0.0",
        "indefinite-article": "0.0.2",
        "string-repeat": "1.1.1",
        "xml-escape": "1.1.0"
      }
    },
    "opener": {
      "version": "1.4.3",
      "resolved": "https://registry.npmjs.org/opener/-/opener-1.4.3.tgz",
      "integrity": "sha1-XG2ixdflgx6P+jlklQ+NZnSskLg="
    },
    "optimist": {
      "version": "0.6.1",
      "resolved": "https://registry.npmjs.org/optimist/-/optimist-0.6.1.tgz",
      "integrity": "sha1-2j6nRob6IaGaERwybpDrFaAZZoY=",
      "requires": {
        "minimist": "0.0.10",
        "wordwrap": "0.0.3"
      }
    },
    "outline-numbering": {
      "version": "1.0.2",
      "resolved": "https://registry.npmjs.org/outline-numbering/-/outline-numbering-1.0.2.tgz",
      "integrity": "sha1-wrYP/D2gJFZGWhb6T3cNS/sY5rk=",
      "requires": {
        "lower-alpha": "2.0.2",
        "romanize": "0.1.2"
      }
    },
    "pako": {
      "version": "1.0.5",
      "resolved": "https://registry.npmjs.org/pako/-/pako-1.0.5.tgz",
      "integrity": "sha1-0iBd/ludqK95fnwWPbTR+E5GALw="
    },
    "plan-addenda-exhibits-numbering": {
      "version": "2.0.0",
      "resolved": "https://registry.npmjs.org/plan-addenda-exhibits-numbering/-/plan-addenda-exhibits-numbering-2.0.0.tgz",
      "integrity": "sha1-Z+yhx6QSZTYTZLuFFRty88ByYOM=",
      "requires": {
        "outline-numbering": "1.0.2"
      }
    },
    "process-nextick-args": {
      "version": "1.0.7",
      "resolved": "https://registry.npmjs.org/process-nextick-args/-/process-nextick-args-1.0.7.tgz",
      "integrity": "sha1-FQ4gt1ZZCtP5EJPyWk8q2L/zC6M="
    },
    "readable-stream": {
      "version": "2.3.3",
      "resolved": "https://registry.npmjs.org/readable-stream/-/readable-stream-2.3.3.tgz",
      "integrity": "sha512-m+qzzcn7KUxEmd1gMbchF+Y2eIUbieUaxkWtptyHywrX0rE8QEYqPC07Vuy4Wm32/xE16NcdBctb8S0Xe/5IeQ==",
      "requires": {
        "core-util-is": "1.0.2",
        "inherits": "2.0.3",
        "isarray": "1.0.0",
        "process-nextick-args": "1.0.7",
        "safe-buffer": "5.1.1",
        "string_decoder": "1.0.3",
        "util-deprecate": "1.0.2"
      }
    },
    "repeat-string": {
      "version": "1.6.1",
      "resolved": "https://registry.npmjs.org/repeat-string/-/repeat-string-1.6.1.tgz",
      "integrity": "sha1-jcrkcOHIirwtYA//Sndihtp15jc="
    },
    "resolutions-schedules-exhibits-numbering": {
      "version": "0.1.0",
      "resolved": "https://registry.npmjs.org/resolutions-schedules-exhibits-numbering/-/resolutions-schedules-exhibits-numbering-0.1.0.tgz",
      "integrity": "sha1-r2scIKvNblmYc3ownoxkHCo0FvE=",
      "requires": {
        "agreement-schedules-exhibits-numbering": "1.0.0"
      }
    },
    "right-align": {
      "version": "0.1.3",
      "resolved": "https://registry.npmjs.org/right-align/-/right-align-0.1.3.tgz",
      "integrity": "sha1-YTObci/mo1FWiSENJOFMlhSGE+8=",
      "optional": true,
      "requires": {
        "align-text": "0.1.4"
      }
    },
    "romanize": {
      "version": "0.1.2",
      "resolved": "https://registry.npmjs.org/romanize/-/romanize-0.1.2.tgz",
      "integrity": "sha1-Tb0kk0XtPFffyKWgcbgTG515SNA="
    },
    "safe-buffer": {
      "version": "5.1.1",
      "resolved": "https://registry.npmjs.org/safe-buffer/-/safe-buffer-5.1.1.tgz",
      "integrity": "sha512-kKvNJn6Mm93gAczWVJg7wH+wGYWNrDHdWvpUmHyEsgCtIwwo3bqPtV4tR5tuPaUhTOo/kvhVwd8XwwOllGYkbg=="
    },
    "sha.js": {
      "version": "2.4.8",
      "resolved": "https://registry.npmjs.org/sha.js/-/sha.js-2.4.8.tgz",
      "integrity": "sha1-NwaMLEdra69ALRSknGf1l5IfY08=",
      "requires": {
        "inherits": "2.0.3"
      }
    },
    "source-map": {
      "version": "0.4.4",
      "resolved": "https://registry.npmjs.org/source-map/-/source-map-0.4.4.tgz",
      "integrity": "sha1-66T12pwNyZneaAMti092FzZSA2s=",
      "requires": {
        "amdefine": "1.0.1"
      }
    },
    "string_decoder": {
      "version": "1.0.3",
      "resolved": "https://registry.npmjs.org/string_decoder/-/string_decoder-1.0.3.tgz",
      "integrity": "sha512-4AH6Z5fzNNBcH+6XDMfA/BTt87skxqJlO0lAh3Dker5zThcAxG6mKz+iGu308UKoPPQ8Dcqx/4JhujzltRa+hQ==",
      "requires": {
        "safe-buffer": "5.1.1"
      }
    },
    "string-repeat": {
      "version": "1.1.1",
      "resolved": "https://registry.npmjs.org/string-repeat/-/string-repeat-1.1.1.tgz",
      "integrity": "sha1-4WINaezccXItpGMKayvEw4Gih3c="
    },
    "strip-ansi": {
      "version": "3.0.1",
      "resolved": "https://registry.npmjs.org/strip-ansi/-/strip-ansi-3.0.1.tgz",
      "integrity": "sha1-ajhfuIU9lS1f8F0Oiq+UJ43GPc8=",
      "requires": {
        "ansi-regex": "2.1.1"
      }
    },
    "supports-color": {
      "version": "2.0.0",
      "resolved": "https://registry.npmjs.org/supports-color/-/supports-color-2.0.0.tgz",
      "integrity": "sha1-U10EXOa2Nj+kARcIRimZXp3zJMc="
    },
    "typedarray": {
      "version": "0.0.6",
      "resolved": "https://registry.npmjs.org/typedarray/-/typedarray-0.0.6.tgz",
      "integrity": "sha1-hnrHTjhkGHsdPUfZlqeOxciDB3c="
    },
    "uglify-js": {
      "version": "2.8.29",
      "resolved": "https://registry.npmjs.org/uglify-js/-/uglify-js-2.8.29.tgz",
      "integrity": "sha1-KcVzMUgFe7Th913zW3qcty5qWd0=",
      "optional": true,
      "requires": {
        "source-map": "0.5.6",
        "uglify-to-browserify": "1.0.2",
        "yargs": "3.10.0"
      },
      "dependencies": {
        "source-map": {
          "version": "0.5.6",
          "resolved": "https://registry.npmjs.org/source-map/-/source-map-0.5.6.tgz",
          "integrity": "sha1-dc449SvwczxafwwRjYEzSiu19BI=",
          "optional": true
        }
      }
    },
    "uglify-to-browserify": {
      "version": "1.0.2",
      "resolved": "https://registry.npmjs.org/uglify-to-browserify/-/uglify-to-browserify-1.0.2.tgz",
      "integrity": "sha1-bgkk1r2mta/jSeOabWMoUKD4grc=",
      "optional": true
    },
    "util-deprecate": {
      "version": "1.0.2",
      "resolved": "https://registry.npmjs.org/util-deprecate/-/util-deprecate-1.0.2.tgz",
      "integrity": "sha1-RQ1Nyfpw3nMnYvvS1KKJgUGaDM8="
    },
    "window-size": {
      "version": "0.1.0",
      "resolved": "https://registry.npmjs.org/window-size/-/window-size-0.1.0.tgz",
      "integrity": "sha1-VDjNLqk7IC76Ohn+iIeu58lPnJ0=",
      "optional": true
    },
    "wordwrap": {
      "version": "0.0.3",
      "resolved": "https://registry.npmjs.org/wordwrap/-/wordwrap-0.0.3.tgz",
      "integrity": "sha1-o9XabNXAvAAI03I0u68b7WMFkQc="
    },
    "wordy-words": {
      "version": "0.0.11",
      "resolved": "https://registry.npmjs.org/wordy-words/-/wordy-words-0.0.11.tgz",
      "integrity": "sha1-szK+TOKhz/MYuM+/CEmrQ9ScJKI="
    },
    "xml-escape": {
      "version": "1.1.0",
      "resolved": "https://registry.npmjs.org/xml-escape/-/xml-escape-1.1.0.tgz",
      "integrity": "sha1-OQTBQ/qOs6ADDsZG0pAqLxtwbEQ="
    },
    "yargs": {
      "version": "3.10.0",
      "resolved": "https://registry.npmjs.org/yargs/-/yargs-3.10.0.tgz",
      "integrity": "sha1-9+572FfdfB0tOMDnTvvWgdFDH9E=",
      "optional": true,
      "requires": {
        "camelcase": "1.2.1",
        "cliui": "2.1.0",
        "decamelize": "1.2.0",
        "window-size": "0.1.0"
      }
    }
  }
}
